
Microsoft Visual Studio Solution File, Format Version 12.00
# Visual Studio Version 16
VisualStudioVersion = 16.0.31515.178
MinimumVisualStudioVersion = 10.0.40219.1
Project("{FAE04EC0-301F-11D3-BF4B-00C04F79EFBC}") = "WebApplication13", "WebApplication13\WebApplication13.csproj", "{46F10AA5-F0B5-4F91-BC3C-F0A0D31D27E6}"
EndProject
Global
	GlobalSection(SolutionConfigurationPlatforms) = preSolution
		Debug|Any CPU = Debug|Any CPU
		Release|Any CPU = Release|Any CPU
	EndGlobalSection
	GlobalSection(ProjectConfigurationPlatforms) = postSolution
		{46F10AA5-F0B5-4F91-BC3C-F0A0D31D27E6}.Debug|Any CPU.ActiveCfg = Debug|Any CPU
		{46F10AA5-F0B5-4F91-BC3C-F0A0D31D27E6}.Debug|Any CPU.Build.0 = Debug|Any CPU
		{46F10AA5-F0B5-4F91-BC3C-F0A0D31D27E6}.Release|Any CPU.ActiveCfg = Release|Any CPU
		{46F10AA5-F0B5-4F91-BC3C-F0A0D31D27E6}.Release|Any CPU.Build.0 = Release|Any CPU
	EndGlobalSection
	GlobalSection(SolutionProperties) = preSolution
		HideSolutionNode = FALSE
	EndGlobalSection
	GlobalSection(ExtensibilityGlobals) = postSolution
		SolutionGuid = {68CFF718-14EB-45FB-A2A7-359BAFE23B84}
	EndGlobalSection
EndGlobal
